
Microsoft Visual Studio Solution File, Format Version 12.00
# Visual Studio Version 17
VisualStudioVersion = 17.13.35806.99 d17.13
MinimumVisualStudioVersion = 10.0.40219.1
Project("{FAE04EC0-301F-11D3-BF4B-00C04F79EFBC}") = "Backend", "Backend\Backend.csproj", "{042C84AB-2BA6-4634-B2A9-91BEBB4F8911}"
EndProject
Global
	GlobalSection(SolutionConfigurationPlatforms) = preSolution
		Debug|Any CPU = Debug|Any CPU
		Release|Any CPU = Release|Any CPU
	EndGlobalSection
	GlobalSection(ProjectConfigurationPlatforms) = postSolution
		{042C84AB-2BA6-4634-B2A9-91BEBB4F8911}.Debug|Any CPU.ActiveCfg = Debug|Any CPU
		{042C84AB-2BA6-4634-B2A9-91BEBB4F8911}.Debug|Any CPU.Build.0 = Debug|Any CPU
		{042C84AB-2BA6-4634-B2A9-91BEBB4F8911}.Release|Any CPU.ActiveCfg = Release|Any CPU
		{042C84AB-2BA6-4634-B2A9-91BEBB4F8911}.Release|Any CPU.Build.0 = Release|Any CPU
	EndGlobalSection
	GlobalSection(SolutionProperties) = preSolution
		HideSolutionNode = FALSE
	EndGlobalSection
	GlobalSection(ExtensibilityGlobals) = postSolution
		SolutionGuid = {E9AF8E11-2B74-4060-8EE8-7A0F364FEF00}
	EndGlobalSection
EndGlobal
